// !$*UTF8*$!
{
	archiveVersion = 1;
	classes = {
	};
	objectVersion = 55;
	objects = {

/* Begin PBXBuildFile section */
		D112D47C2819B66B00FF34BC /* ExaminationTicketViewCell.swift in Sources */ = {isa = PBXBuildFile; fileRef = D112D47B2819B66B00FF34BC /* ExaminationTicketViewCell.swift */; };
		D140AD16283B4D0C00417416 /* UIViewController+Ext.swift in Sources */ = {isa = PBXBuildFile; fileRef = D140AD15283B4D0C00417416 /* UIViewController+Ext.swift */; };
		D140AD18283B4E1D00417416 /* String+Ext.swift in Sources */ = {isa = PBXBuildFile; fileRef = D140AD17283B4E1D00417416 /* String+Ext.swift */; };
		D14B3FF92818F4240029C444 /* MainScreenViewController.swift in Sources */ = {isa = PBXBuildFile; fileRef = D14B3FF82818F4240029C444 /* MainScreenViewController.swift */; };
		D14B3FFD2818F5650029C444 /* ExamViewCell.xib in Resources */ = {isa = PBXBuildFile; fileRef = D14B3FFC2818F5650029C444 /* ExamViewCell.xib */; };
		D14B3FFF2818F6A10029C444 /* ExamViewCell.swift in Sources */ = {isa = PBXBuildFile; fileRef = D14B3FFE2818F6A10029C444 /* ExamViewCell.swift */; };
		D14B40052819591F0029C444 /* ExaminationTicketView.xib in Resources */ = {isa = PBXBuildFile; fileRef = D14B40042819591F0029C444 /* ExaminationTicketView.xib */; };
		D14B40072819593F0029C444 /* ExaminationTicketViewController.swift in Sources */ = {isa = PBXBuildFile; fileRef = D14B40062819593F0029C444 /* ExaminationTicketViewController.swift */; };
		D14B400928195C1C0029C444 /* ExaminationTicketViewCell.xib in Resources */ = {isa = PBXBuildFile; fileRef = D14B400828195C1C0029C444 /* ExaminationTicketViewCell.xib */; };
		D14B400B281979170029C444 /* AssessmentStatusView.xib in Resources */ = {isa = PBXBuildFile; fileRef = D14B400A281979170029C444 /* AssessmentStatusView.xib */; };
		D14B400E2819981B0029C444 /* AnswerToQuestionView.xib in Resources */ = {isa = PBXBuildFile; fileRef = D14B400D2819981B0029C444 /* AnswerToQuestionView.xib */; };
		D14B401128199E040029C444 /* MessageKit in Frameworks */ = {isa = PBXBuildFile; productRef = D14B401028199E040029C444 /* MessageKit */; };
		D14B401328199EE40029C444 /* ChatViewController.swift in Sources */ = {isa = PBXBuildFile; fileRef = D14B401228199EE40029C444 /* ChatViewController.swift */; };
		D14B40152819A37C0029C444 /* AnswerToQuestionViewController.swift in Sources */ = {isa = PBXBuildFile; fileRef = D14B40142819A37C0029C444 /* AnswerToQuestionViewController.swift */; };
		D14B401C2819A4390029C444 /* FileCellView.swift in Sources */ = {isa = PBXBuildFile; fileRef = D14B401B2819A4390029C444 /* FileCellView.swift */; };
		D14B401E2819A4420029C444 /* FileCellView.xib in Resources */ = {isa = PBXBuildFile; fileRef = D14B401D2819A4420029C444 /* FileCellView.xib */; };
		D14B40242819A4670029C444 /* MessageCellView.swift in Sources */ = {isa = PBXBuildFile; fileRef = D14B40232819A4670029C444 /* MessageCellView.swift */; };
		D14B40262819A46F0029C444 /* MessageCellView.xib in Resources */ = {isa = PBXBuildFile; fileRef = D14B40252819A46F0029C444 /* MessageCellView.xib */; };
		D1649A0A284B46FD00929A4D /* ExamsAPIError.swift in Sources */ = {isa = PBXBuildFile; fileRef = D1649A09284B46FD00929A4D /* ExamsAPIError.swift */; };
		D1649A0C284BA1E600929A4D /* ExamInfo.swift in Sources */ = {isa = PBXBuildFile; fileRef = D1649A0B284BA1E600929A4D /* ExamInfo.swift */; };
		D1649A0E284BA45A00929A4D /* Exam.swift in Sources */ = {isa = PBXBuildFile; fileRef = D1649A0D284BA45A00929A4D /* Exam.swift */; };
		D1649A10284BA47900929A4D /* ExamRule.swift in Sources */ = {isa = PBXBuildFile; fileRef = D1649A0F284BA47900929A4D /* ExamRule.swift */; };
		D1649A12284BA48500929A4D /* Teacher.swift in Sources */ = {isa = PBXBuildFile; fileRef = D1649A11284BA48500929A4D /* Teacher.swift */; };
		D1649A14284BA49700929A4D /* Account.swift in Sources */ = {isa = PBXBuildFile; fileRef = D1649A13284BA49700929A4D /* Account.swift */; };
		D1649A16284BA4E100929A4D /* LoginResponse.swift in Sources */ = {isa = PBXBuildFile; fileRef = D1649A15284BA4E100929A4D /* LoginResponse.swift */; };
		D1649A18284BA86F00929A4D /* DateFormatter+Ext.swift in Sources */ = {isa = PBXBuildFile; fileRef = D1649A17284BA86F00929A4D /* DateFormatter+Ext.swift */; };
		D1649A1B284BBFB200929A4D /* ExamQuestionsListRequest.swift in Sources */ = {isa = PBXBuildFile; fileRef = D1649A1A284BBFB200929A4D /* ExamQuestionsListRequest.swift */; };
		D1649A1D284BC06E00929A4D /* ExamQuestion.swift in Sources */ = {isa = PBXBuildFile; fileRef = D1649A1C284BC06E00929A4D /* ExamQuestion.swift */; };
		D1649A1F284BC07C00929A4D /* ExamQuestionTask.swift in Sources */ = {isa = PBXBuildFile; fileRef = D1649A1E284BC07C00929A4D /* ExamQuestionTask.swift */; };
		D1649A21284C721F00929A4D /* AssessmentStatusView.swift in Sources */ = {isa = PBXBuildFile; fileRef = D1649A20284C721F00929A4D /* AssessmentStatusView.swift */; };
		D1649A24284C8F8500929A4D /* TaskType.swift in Sources */ = {isa = PBXBuildFile; fileRef = D1649A23284C8F8500929A4D /* TaskType.swift */; };
		D1649A26284C8FEF00929A4D /* AssessmentStatus.swift in Sources */ = {isa = PBXBuildFile; fileRef = D1649A25284C8FEF00929A4D /* AssessmentStatus.swift */; };
		D1649A28284CB9A000929A4D /* SendMessageRequest.swift in Sources */ = {isa = PBXBuildFile; fileRef = D1649A27284CB9A000929A4D /* SendMessageRequest.swift */; };
		D1649A2A284CBD0F00929A4D /* GetMessagesRequest.swift in Sources */ = {isa = PBXBuildFile; fileRef = D1649A29284CBD0F00929A4D /* GetMessagesRequest.swift */; };
		D1649A2C284CCABC00929A4D /* MessageList.swift in Sources */ = {isa = PBXBuildFile; fileRef = D1649A2B284CCABC00929A4D /* MessageList.swift */; };
		D1649A31284CE9B800929A4D /* GoogleService-Info.plist in Resources */ = {isa = PBXBuildFile; fileRef = D1649A30284CE9B800929A4D /* GoogleService-Info.plist */; };
		D1649A34284CEC3D00929A4D /* FirebaseInAppMessaging-Beta in Frameworks */ = {isa = PBXBuildFile; productRef = D1649A33284CEC3D00929A4D /* FirebaseInAppMessaging-Beta */; };
		D1649A36284CEC3D00929A4D /* FirebaseInAppMessagingSwift-Beta in Frameworks */ = {isa = PBXBuildFile; productRef = D1649A35284CEC3D00929A4D /* FirebaseInAppMessagingSwift-Beta */; };
		D1649A38284CEC3D00929A4D /* FirebaseMessaging in Frameworks */ = {isa = PBXBuildFile; productRef = D1649A37284CEC3D00929A4D /* FirebaseMessaging */; };
		D169FB9D283674AC0070FD56 /* Moya in Frameworks */ = {isa = PBXBuildFile; productRef = D169FB9C283674AC0070FD56 /* Moya */; };
		D169FB9F283674AC0070FD56 /* RxMoya in Frameworks */ = {isa = PBXBuildFile; productRef = D169FB9E283674AC0070FD56 /* RxMoya */; };
		D169FBA3283685E10070FD56 /* ExamsAPITarget.swift in Sources */ = {isa = PBXBuildFile; fileRef = D169FBA2283685E10070FD56 /* ExamsAPITarget.swift */; };
		D179D1F4284A5B7C0037DD9A /* XAccessTokenService.swift in Sources */ = {isa = PBXBuildFile; fileRef = D179D1F3284A5B7C0037DD9A /* XAccessTokenService.swift */; };
		D194B1F22816D2C900D3CAED /* AppDelegate.swift in Sources */ = {isa = PBXBuildFile; fileRef = D194B1F12816D2C900D3CAED /* AppDelegate.swift */; };
		D194B1F42816D2C900D3CAED /* SceneDelegate.swift in Sources */ = {isa = PBXBuildFile; fileRef = D194B1F32816D2C900D3CAED /* SceneDelegate.swift */; };
		D194B1FB2816D2CD00D3CAED /* Assets.xcassets in Resources */ = {isa = PBXBuildFile; fileRef = D194B1FA2816D2CD00D3CAED /* Assets.xcassets */; };
		D194B1FE2816D2CD00D3CAED /* LaunchScreen.storyboard in Resources */ = {isa = PBXBuildFile; fileRef = D194B1FC2816D2CD00D3CAED /* LaunchScreen.storyboard */; };
		D194B20D2816D80200D3CAED /* SignUpView.xib in Resources */ = {isa = PBXBuildFile; fileRef = D194B20C2816D80200D3CAED /* SignUpView.xib */; };
		D194B20F2816D81200D3CAED /* LoginViewController.swift in Sources */ = {isa = PBXBuildFile; fileRef = D194B20E2816D81200D3CAED /* LoginViewController.swift */; };
		D194B2112817B0F000D3CAED /* SignUpViewController.swift in Sources */ = {isa = PBXBuildFile; fileRef = D194B2102817B0F000D3CAED /* SignUpViewController.swift */; };
		D194B2132817C9BA00D3CAED /* MainScreenView.xib in Resources */ = {isa = PBXBuildFile; fileRef = D194B2122817C9BA00D3CAED /* MainScreenView.xib */; };
		D1B31AC5283608AD0007E4AA /* LoginView.storyboard in Resources */ = {isa = PBXBuildFile; fileRef = D1B31AC4283608AD0007E4AA /* LoginView.storyboard */; };
/* End PBXBuildFile section */

/* Begin PBXFileReference section */
		D112D47B2819B66B00FF34BC /* ExaminationTicketViewCell.swift */ = {isa = PBXFileReference; lastKnownFileType = sourcecode.swift; path = ExaminationTicketViewCell.swift; sourceTree = "<group>"; };
		D140AD15283B4D0C00417416 /* UIViewController+Ext.swift */ = {isa = PBXFileReference; lastKnownFileType = sourcecode.swift; path = "UIViewController+Ext.swift"; sourceTree = "<group>"; };
		D140AD17283B4E1D00417416 /* String+Ext.swift */ = {isa = PBXFileReference; lastKnownFileType = sourcecode.swift; path = "String+Ext.swift"; sourceTree = "<group>"; };
		D14B3FF82818F4240029C444 /* MainScreenViewController.swift */ = {isa = PBXFileReference; lastKnownFileType = sourcecode.swift; path = MainScreenViewController.swift; sourceTree = "<group>"; };
		D14B3FFC2818F5650029C444 /* ExamViewCell.xib */ = {isa = PBXFileReference; lastKnownFileType = file.xib; path = ExamViewCell.xib; sourceTree = "<group>"; };
		D14B3FFE2818F6A10029C444 /* ExamViewCell.swift */ = {isa = PBXFileReference; lastKnownFileType = sourcecode.swift; path = ExamViewCell.swift; sourceTree = "<group>"; };
		D14B40042819591F0029C444 /* ExaminationTicketView.xib */ = {isa = PBXFileReference; lastKnownFileType = file.xib; path = ExaminationTicketView.xib; sourceTree = "<group>"; };
		D14B40062819593F0029C444 /* ExaminationTicketViewController.swift */ = {isa = PBXFileReference; lastKnownFileType = sourcecode.swift; path = ExaminationTicketViewController.swift; sourceTree = "<group>"; };
		D14B400828195C1C0029C444 /* ExaminationTicketViewCell.xib */ = {isa = PBXFileReference; lastKnownFileType = file.xib; path = ExaminationTicketViewCell.xib; sourceTree = "<group>"; };
		D14B400A281979170029C444 /* AssessmentStatusView.xib */ = {isa = PBXFileReference; lastKnownFileType = file.xib; path = AssessmentStatusView.xib; sourceTree = "<group>"; };
		D14B400D2819981B0029C444 /* AnswerToQuestionView.xib */ = {isa = PBXFileReference; lastKnownFileType = file.xib; path = AnswerToQuestionView.xib; sourceTree = "<group>"; };
		D14B401228199EE40029C444 /* ChatViewController.swift */ = {isa = PBXFileReference; lastKnownFileType = sourcecode.swift; path = ChatViewController.swift; sourceTree = "<group>"; };
		D14B40142819A37C0029C444 /* AnswerToQuestionViewController.swift */ = {isa = PBXFileReference; lastKnownFileType = sourcecode.swift; path = AnswerToQuestionViewController.swift; sourceTree = "<group>"; };
		D14B401B2819A4390029C444 /* FileCellView.swift */ = {isa = PBXFileReference; lastKnownFileType = sourcecode.swift; path = FileCellView.swift; sourceTree = "<group>"; };
		D14B401D2819A4420029C444 /* FileCellView.xib */ = {isa = PBXFileReference; lastKnownFileType = file.xib; path = FileCellView.xib; sourceTree = "<group>"; };
		D14B40232819A4670029C444 /* MessageCellView.swift */ = {isa = PBXFileReference; lastKnownFileType = sourcecode.swift; path = MessageCellView.swift; sourceTree = "<group>"; };
		D14B40252819A46F0029C444 /* MessageCellView.xib */ = {isa = PBXFileReference; lastKnownFileType = file.xib; path = MessageCellView.xib; sourceTree = "<group>"; };
		D1649A09284B46FD00929A4D /* ExamsAPIError.swift */ = {isa = PBXFileReference; lastKnownFileType = sourcecode.swift; path = ExamsAPIError.swift; sourceTree = "<group>"; };
		D1649A0B284BA1E600929A4D /* ExamInfo.swift */ = {isa = PBXFileReference; lastKnownFileType = sourcecode.swift; path = ExamInfo.swift; sourceTree = "<group>"; };
		D1649A0D284BA45A00929A4D /* Exam.swift */ = {isa = PBXFileReference; lastKnownFileType = sourcecode.swift; path = Exam.swift; sourceTree = "<group>"; };
		D1649A0F284BA47900929A4D /* ExamRule.swift */ = {isa = PBXFileReference; lastKnownFileType = sourcecode.swift; path = ExamRule.swift; sourceTree = "<group>"; };
		D1649A11284BA48500929A4D /* Teacher.swift */ = {isa = PBXFileReference; lastKnownFileType = sourcecode.swift; path = Teacher.swift; sourceTree = "<group>"; };
		D1649A13284BA49700929A4D /* Account.swift */ = {isa = PBXFileReference; lastKnownFileType = sourcecode.swift; path = Account.swift; sourceTree = "<group>"; };
		D1649A15284BA4E100929A4D /* LoginResponse.swift */ = {isa = PBXFileReference; lastKnownFileType = sourcecode.swift; path = LoginResponse.swift; sourceTree = "<group>"; };
		D1649A17284BA86F00929A4D /* DateFormatter+Ext.swift */ = {isa = PBXFileReference; lastKnownFileType = sourcecode.swift; path = "DateFormatter+Ext.swift"; sourceTree = "<group>"; };
		D1649A1A284BBFB200929A4D /* ExamQuestionsListRequest.swift */ = {isa = PBXFileReference; lastKnownFileType = sourcecode.swift; path = ExamQuestionsListRequest.swift; sourceTree = "<group>"; };
		D1649A1C284BC06E00929A4D /* ExamQuestion.swift */ = {isa = PBXFileReference; lastKnownFileType = sourcecode.swift; path = ExamQuestion.swift; sourceTree = "<group>"; };
		D1649A1E284BC07C00929A4D /* ExamQuestionTask.swift */ = {isa = PBXFileReference; lastKnownFileType = sourcecode.swift; path = ExamQuestionTask.swift; sourceTree = "<group>"; };
		D1649A20284C721F00929A4D /* AssessmentStatusView.swift */ = {isa = PBXFileReference; lastKnownFileType = sourcecode.swift; path = AssessmentStatusView.swift; sourceTree = "<group>"; };
		D1649A23284C8F8500929A4D /* TaskType.swift */ = {isa = PBXFileReference; lastKnownFileType = sourcecode.swift; path = TaskType.swift; sourceTree = "<group>"; };
		D1649A25284C8FEF00929A4D /* AssessmentStatus.swift */ = {isa = PBXFileReference; lastKnownFileType = sourcecode.swift; path = AssessmentStatus.swift; sourceTree = "<group>"; };
		D1649A27284CB9A000929A4D /* SendMessageRequest.swift */ = {isa = PBXFileReference; lastKnownFileType = sourcecode.swift; path = SendMessageRequest.swift; sourceTree = "<group>"; };
		D1649A29284CBD0F00929A4D /* GetMessagesRequest.swift */ = {isa = PBXFileReference; lastKnownFileType = sourcecode.swift; path = GetMessagesRequest.swift; sourceTree = "<group>"; };
		D1649A2B284CCABC00929A4D /* MessageList.swift */ = {isa = PBXFileReference; lastKnownFileType = sourcecode.swift; path = MessageList.swift; sourceTree = "<group>"; };
		D1649A2F284CE99000929A4D /* RemoteExaminationNEW.entitlements */ = {isa = PBXFileReference; lastKnownFileType = text.plist.entitlements; path = RemoteExaminationNEW.entitlements; sourceTree = "<group>"; };
		D1649A30284CE9B800929A4D /* GoogleService-Info.plist */ = {isa = PBXFileReference; fileEncoding = 4; lastKnownFileType = text.plist.xml; path = "GoogleService-Info.plist"; sourceTree = "<group>"; };
		D169FBA2283685E10070FD56 /* ExamsAPITarget.swift */ = {isa = PBXFileReference; lastKnownFileType = sourcecode.swift; path = ExamsAPITarget.swift; sourceTree = "<group>"; };
		D179D1F3284A5B7C0037DD9A /* XAccessTokenService.swift */ = {isa = PBXFileReference; lastKnownFileType = sourcecode.swift; path = XAccessTokenService.swift; sourceTree = "<group>"; };
		D194B1EE2816D2C900D3CAED /* RemoteExaminationNEW.app */ = {isa = PBXFileReference; explicitFileType = wrapper.application; includeInIndex = 0; path = RemoteExaminationNEW.app; sourceTree = BUILT_PRODUCTS_DIR; };
		D194B1F12816D2C900D3CAED /* AppDelegate.swift */ = {isa = PBXFileReference; lastKnownFileType = sourcecode.swift; path = AppDelegate.swift; sourceTree = "<group>"; };
		D194B1F32816D2C900D3CAED /* SceneDelegate.swift */ = {isa = PBXFileReference; lastKnownFileType = sourcecode.swift; path = SceneDelegate.swift; sourceTree = "<group>"; };
		D194B1FA2816D2CD00D3CAED /* Assets.xcassets */ = {isa = PBXFileReference; lastKnownFileType = folder.assetcatalog; path = Assets.xcassets; sourceTree = "<group>"; };
		D194B1FD2816D2CD00D3CAED /* Base */ = {isa = PBXFileReference; lastKnownFileType = file.storyboard; name = Base; path = Base.lproj/LaunchScreen.storyboard; sourceTree = "<group>"; };
		D194B1FF2816D2CD00D3CAED /* Info.plist */ = {isa = PBXFileReference; lastKnownFileType = text.plist.xml; path = Info.plist; sourceTree = "<group>"; };
		D194B20C2816D80200D3CAED /* SignUpView.xib */ = {isa = PBXFileReference; lastKnownFileType = file.xib; path = SignUpView.xib; sourceTree = "<group>"; };
		D194B20E2816D81200D3CAED /* LoginViewController.swift */ = {isa = PBXFileReference; lastKnownFileType = sourcecode.swift; path = LoginViewController.swift; sourceTree = "<group>"; };
		D194B2102817B0F000D3CAED /* SignUpViewController.swift */ = {isa = PBXFileReference; lastKnownFileType = sourcecode.swift; path = SignUpViewController.swift; sourceTree = "<group>"; };
		D194B2122817C9BA00D3CAED /* MainScreenView.xib */ = {isa = PBXFileReference; lastKnownFileType = file.xib; path = MainScreenView.xib; sourceTree = "<group>"; };
		D1B31AC4283608AD0007E4AA /* LoginView.storyboard */ = {isa = PBXFileReference; fileEncoding = 4; lastKnownFileType = file.storyboard; path = LoginView.storyboard; sourceTree = "<group>"; };
/* End PBXFileReference section */

/* Begin PBXFrameworksBuildPhase section */
		D194B1EB2816D2C900D3CAED /* Frameworks */ = {
			isa = PBXFrameworksBuildPhase;
			buildActionMask = 2147483647;
			files = (
				D1649A38284CEC3D00929A4D /* FirebaseMessaging in Frameworks */,
				D169FB9F283674AC0070FD56 /* RxMoya in Frameworks */,
				D169FB9D283674AC0070FD56 /* Moya in Frameworks */,
				D1649A36284CEC3D00929A4D /* FirebaseInAppMessagingSwift-Beta in Frameworks */,
				D14B401128199E040029C444 /* MessageKit in Frameworks */,
				D1649A34284CEC3D00929A4D /* FirebaseInAppMessaging-Beta in Frameworks */,
			);
			runOnlyForDeploymentPostprocessing = 0;
		};
/* End PBXFrameworksBuildPhase section */

/* Begin PBXGroup section */
		D140AD14283B4CF500417416 /* Extentions */ = {
			isa = PBXGroup;
			children = (
				D140AD15283B4D0C00417416 /* UIViewController+Ext.swift */,
				D140AD17283B4E1D00417416 /* String+Ext.swift */,
				D1649A17284BA86F00929A4D /* DateFormatter+Ext.swift */,
			);
			path = Extentions;
			sourceTree = "<group>";
		};
		D14B40172819A3BB0029C444 /* Cells */ = {
			isa = PBXGroup;
			children = (
				D14B401A2819A4220029C444 /* FileCell */,
				D14B40182819A3FB0029C444 /* MessageCell */,
			);
			path = Cells;
			sourceTree = "<group>";
		};
		D14B40182819A3FB0029C444 /* MessageCell */ = {
			isa = PBXGroup;
			children = (
				D14B40232819A4670029C444 /* MessageCellView.swift */,
				D14B40252819A46F0029C444 /* MessageCellView.xib */,
			);
			path = MessageCell;
			sourceTree = "<group>";
		};
		D14B401A2819A4220029C444 /* FileCell */ = {
			isa = PBXGroup;
			children = (
				D14B401B2819A4390029C444 /* FileCellView.swift */,
				D14B401D2819A4420029C444 /* FileCellView.xib */,
			);
			path = FileCell;
			sourceTree = "<group>";
		};
		D16499FD284B32B200929A4D /* UserStories */ = {
			isa = PBXGroup;
			children = (
				D1649A03284B32E300929A4D /* AnswerToQuestion */,
				D1649A02284B32D900929A4D /* Chat */,
				D1649A01284B32CC00929A4D /* ExaminationTicket */,
				D16499FE284B32BC00929A4D /* Login */,
				D1649A00284B32C700929A4D /* MainScreen */,
				D16499FF284B32C200929A4D /* SignUp */,
			);
			path = UserStories;
			sourceTree = "<group>";
		};
		D16499FE284B32BC00929A4D /* Login */ = {
			isa = PBXGroup;
			children = (
				D194B20E2816D81200D3CAED /* LoginViewController.swift */,
				D1B31AC4283608AD0007E4AA /* LoginView.storyboard */,
			);
			path = Login;
			sourceTree = "<group>";
		};
		D16499FF284B32C200929A4D /* SignUp */ = {
			isa = PBXGroup;
			children = (
				D194B2102817B0F000D3CAED /* SignUpViewController.swift */,
				D194B20C2816D80200D3CAED /* SignUpView.xib */,
			);
			path = SignUp;
			sourceTree = "<group>";
		};
		D1649A00284B32C700929A4D /* MainScreen */ = {
			isa = PBXGroup;
			children = (
				D14B3FF82818F4240029C444 /* MainScreenViewController.swift */,
				D194B2122817C9BA00D3CAED /* MainScreenView.xib */,
				D1649A08284B34EA00929A4D /* Subviews */,
			);
			path = MainScreen;
			sourceTree = "<group>";
		};
		D1649A01284B32CC00929A4D /* ExaminationTicket */ = {
			isa = PBXGroup;
			children = (
				D14B40062819593F0029C444 /* ExaminationTicketViewController.swift */,
				D14B40042819591F0029C444 /* ExaminationTicketView.xib */,
				D1649A05284B34A600929A4D /* Subviews */,
			);
			path = ExaminationTicket;
			sourceTree = "<group>";
		};
		D1649A02284B32D900929A4D /* Chat */ = {
			isa = PBXGroup;
			children = (
				D14B401228199EE40029C444 /* ChatViewController.swift */,
			);
			path = Chat;
			sourceTree = "<group>";
		};
		D1649A03284B32E300929A4D /* AnswerToQuestion */ = {
			isa = PBXGroup;
			children = (
				D14B40142819A37C0029C444 /* AnswerToQuestionViewController.swift */,
				D14B400D2819981B0029C444 /* AnswerToQuestionView.xib */,
				D14B40172819A3BB0029C444 /* Cells */,
			);
			path = AnswerToQuestion;
			sourceTree = "<group>";
		};
		D1649A04284B32FB00929A4D /* Resources */ = {
			isa = PBXGroup;
			children = (
				D194B1FC2816D2CD00D3CAED /* LaunchScreen.storyboard */,
				D194B1FA2816D2CD00D3CAED /* Assets.xcassets */,
			);
			path = Resources;
			sourceTree = "<group>";
		};
		D1649A05284B34A600929A4D /* Subviews */ = {
			isa = PBXGroup;
			children = (
				D1649A22284C722500929A4D /* AssessmentStatusView */,
				D1649A07284B34BA00929A4D /* ExaminationTicketViewCell */,
			);
			path = Subviews;
			sourceTree = "<group>";
		};
		D1649A07284B34BA00929A4D /* ExaminationTicketViewCell */ = {
			isa = PBXGroup;
			children = (
				D112D47B2819B66B00FF34BC /* ExaminationTicketViewCell.swift */,
				D14B400828195C1C0029C444 /* ExaminationTicketViewCell.xib */,
			);
			path = ExaminationTicketViewCell;
			sourceTree = "<group>";
		};
		D1649A08284B34EA00929A4D /* Subviews */ = {
			isa = PBXGroup;
			children = (
				D14B3FFE2818F6A10029C444 /* ExamViewCell.swift */,
				D14B3FFC2818F5650029C444 /* ExamViewCell.xib */,
			);
			path = Subviews;
			sourceTree = "<group>";
		};
		D1649A19284BBF5100929A4D /* Requests */ = {
			isa = PBXGroup;
			children = (
				D1649A1A284BBFB200929A4D /* ExamQuestionsListRequest.swift */,
				D1649A27284CB9A000929A4D /* SendMessageRequest.swift */,
				D1649A29284CBD0F00929A4D /* GetMessagesRequest.swift */,
			);
			path = Requests;
			sourceTree = "<group>";
		};
		D1649A22284C722500929A4D /* AssessmentStatusView */ = {
			isa = PBXGroup;
			children = (
				D1649A20284C721F00929A4D /* AssessmentStatusView.swift */,
				D14B400A281979170029C444 /* AssessmentStatusView.xib */,
			);
			path = AssessmentStatusView;
			sourceTree = "<group>";
		};
		D169FBA028367E770070FD56 /* Network */ = {
			isa = PBXGroup;
			children = (
				D179D1F2284A5B630037DD9A /* XAccessTokenService */,
				D169FBA1283685BB0070FD56 /* ExamsAPI */,
			);
			path = Network;
			sourceTree = "<group>";
		};
		D169FBA1283685BB0070FD56 /* ExamsAPI */ = {
			isa = PBXGroup;
			children = (
				D169FBA2283685E10070FD56 /* ExamsAPITarget.swift */,
				D1649A09284B46FD00929A4D /* ExamsAPIError.swift */,
			);
			path = ExamsAPI;
			sourceTree = "<group>";
		};
		D179D1F2284A5B630037DD9A /* XAccessTokenService */ = {
			isa = PBXGroup;
			children = (
				D179D1F3284A5B7C0037DD9A /* XAccessTokenService.swift */,
			);
			path = XAccessTokenService;
			sourceTree = "<group>";
		};
		D194B1E52816D2C900D3CAED = {
			isa = PBXGroup;
			children = (
				D194B1F02816D2C900D3CAED /* RemoteExaminationNEW */,
				D194B1EF2816D2C900D3CAED /* Products */,
			);
			sourceTree = "<group>";
		};
		D194B1EF2816D2C900D3CAED /* Products */ = {
			isa = PBXGroup;
			children = (
				D194B1EE2816D2C900D3CAED /* RemoteExaminationNEW.app */,
			);
			name = Products;
			sourceTree = "<group>";
		};
		D194B1F02816D2C900D3CAED /* RemoteExaminationNEW */ = {
			isa = PBXGroup;
			children = (
				D1649A30284CE9B800929A4D /* GoogleService-Info.plist */,
				D1649A2F284CE99000929A4D /* RemoteExaminationNEW.entitlements */,
				D194B1FF2816D2CD00D3CAED /* Info.plist */,
				D194B1F12816D2C900D3CAED /* AppDelegate.swift */,
				D194B1F32816D2C900D3CAED /* SceneDelegate.swift */,
				D140AD14283B4CF500417416 /* Extentions */,
				D194B2052816D6B000D3CAED /* Models */,
				D169FBA028367E770070FD56 /* Network */,
				D1649A04284B32FB00929A4D /* Resources */,
				D16499FD284B32B200929A4D /* UserStories */,
			);
			path = RemoteExaminationNEW;
			sourceTree = "<group>";
		};
		D194B2052816D6B000D3CAED /* Models */ = {
			isa = PBXGroup;
			children = (
				D1649A13284BA49700929A4D /* Account.swift */,
				D1649A25284C8FEF00929A4D /* AssessmentStatus.swift */,
				D1649A0D284BA45A00929A4D /* Exam.swift */,
				D1649A0B284BA1E600929A4D /* ExamInfo.swift */,
				D1649A1C284BC06E00929A4D /* ExamQuestion.swift */,
				D1649A1E284BC07C00929A4D /* ExamQuestionTask.swift */,
				D1649A0F284BA47900929A4D /* ExamRule.swift */,
				D1649A15284BA4E100929A4D /* LoginResponse.swift */,
				D1649A2B284CCABC00929A4D /* MessageList.swift */,
				D1649A23284C8F8500929A4D /* TaskType.swift */,
				D1649A11284BA48500929A4D /* Teacher.swift */,
				D1649A19284BBF5100929A4D /* Requests */,
			);
			path = Models;
			sourceTree = "<group>";
		};
/* End PBXGroup section */

/* Begin PBXNativeTarget section */
		D194B1ED2816D2C900D3CAED /* RemoteExaminationNEW */ = {
			isa = PBXNativeTarget;
			buildConfigurationList = D194B2022816D2CD00D3CAED /* Build configuration list for PBXNativeTarget "RemoteExaminationNEW" */;
			buildPhases = (
				D194B1EA2816D2C900D3CAED /* Sources */,
				D194B1EB2816D2C900D3CAED /* Frameworks */,
				D194B1EC2816D2C900D3CAED /* Resources */,
			);
			buildRules = (
			);
			dependencies = (
			);
			name = RemoteExaminationNEW;
			packageProductDependencies = (
				D14B401028199E040029C444 /* MessageKit */,
				D169FB9C283674AC0070FD56 /* Moya */,
				D169FB9E283674AC0070FD56 /* RxMoya */,
				D1649A33284CEC3D00929A4D /* FirebaseInAppMessaging-Beta */,
				D1649A35284CEC3D00929A4D /* FirebaseInAppMessagingSwift-Beta */,
				D1649A37284CEC3D00929A4D /* FirebaseMessaging */,
			);
			productName = RemoteExaminationNEW;
			productReference = D194B1EE2816D2C900D3CAED /* RemoteExaminationNEW.app */;
			productType = "com.apple.product-type.application";
		};
/* End PBXNativeTarget section */

/* Begin PBXProject section */
		D194B1E62816D2C900D3CAED /* Project object */ = {
			isa = PBXProject;
			attributes = {
				BuildIndependentTargetsInParallel = 1;
				LastSwiftUpdateCheck = 1330;
				LastUpgradeCheck = 1330;
				TargetAttributes = {
					D194B1ED2816D2C900D3CAED = {
						CreatedOnToolsVersion = 13.3;
					};
				};
			};
			buildConfigurationList = D194B1E92816D2C900D3CAED /* Build configuration list for PBXProject "RemoteExaminationNEW" */;
			compatibilityVersion = "Xcode 13.0";
			developmentRegion = en;
			hasScannedForEncodings = 0;
			knownRegions = (
				en,
				Base,
			);
			mainGroup = D194B1E52816D2C900D3CAED;
			packageReferences = (
				D14B400F28199E030029C444 /* XCRemoteSwiftPackageReference "MessageKit" */,
				D169FB9B283674AC0070FD56 /* XCRemoteSwiftPackageReference "Moya" */,
				D1649A32284CEC3D00929A4D /* XCRemoteSwiftPackageReference "firebase-ios-sdk" */,
			);
			productRefGroup = D194B1EF2816D2C900D3CAED /* Products */;
			projectDirPath = "";
			projectRoot = "";
			targets = (
				D194B1ED2816D2C900D3CAED /* RemoteExaminationNEW */,
			);
		};
/* End PBXProject section */

/* Begin PBXResourcesBuildPhase section */
		D194B1EC2816D2C900D3CAED /* Resources */ = {
			isa = PBXResourcesBuildPhase;
			buildActionMask = 2147483647;
			files = (
				D1649A31284CE9B800929A4D /* GoogleService-Info.plist in Resources */,
				D1B31AC5283608AD0007E4AA /* LoginView.storyboard in Resources */,
				D14B40052819591F0029C444 /* ExaminationTicketView.xib in Resources */,
				D14B400E2819981B0029C444 /* AnswerToQuestionView.xib in Resources */,
				D194B1FE2816D2CD00D3CAED /* LaunchScreen.storyboard in Resources */,
				D14B400928195C1C0029C444 /* ExaminationTicketViewCell.xib in Resources */,
				D14B40262819A46F0029C444 /* MessageCellView.xib in Resources */,
				D14B3FFD2818F5650029C444 /* ExamViewCell.xib in Resources */,
				D194B1FB2816D2CD00D3CAED /* Assets.xcassets in Resources */,
				D14B400B281979170029C444 /* AssessmentStatusView.xib in Resources */,
				D194B20D2816D80200D3CAED /* SignUpView.xib in Resources */,
				D194B2132817C9BA00D3CAED /* MainScreenView.xib in Resources */,
				D14B401E2819A4420029C444 /* FileCellView.xib in Resources */,
			);
			runOnlyForDeploymentPostprocessing = 0;
		};
/* End PBXResourcesBuildPhase section */

/* Begin PBXSourcesBuildPhase section */
		D194B1EA2816D2C900D3CAED /* Sources */ = {
			isa = PBXSourcesBuildPhase;
			buildActionMask = 2147483647;
			files = (
				D1649A24284C8F8500929A4D /* TaskType.swift in Sources */,
				D1649A1D284BC06E00929A4D /* ExamQuestion.swift in Sources */,
				D194B20F2816D81200D3CAED /* LoginViewController.swift in Sources */,
				D1649A21284C721F00929A4D /* AssessmentStatusView.swift in Sources */,
				D169FBA3283685E10070FD56 /* ExamsAPITarget.swift in Sources */,
				D1649A2A284CBD0F00929A4D /* GetMessagesRequest.swift in Sources */,
				D140AD16283B4D0C00417416 /* UIViewController+Ext.swift in Sources */,
				D14B401C2819A4390029C444 /* FileCellView.swift in Sources */,
				D1649A1B284BBFB200929A4D /* ExamQuestionsListRequest.swift in Sources */,
				D1649A28284CB9A000929A4D /* SendMessageRequest.swift in Sources */,
				D112D47C2819B66B00FF34BC /* ExaminationTicketViewCell.swift in Sources */,
				D194B1F22816D2C900D3CAED /* AppDelegate.swift in Sources */,
				D14B40072819593F0029C444 /* ExaminationTicketViewController.swift in Sources */,
				D1649A26284C8FEF00929A4D /* AssessmentStatus.swift in Sources */,
				D1649A14284BA49700929A4D /* Account.swift in Sources */,
				D1649A18284BA86F00929A4D /* DateFormatter+Ext.swift in Sources */,
				D1649A1F284BC07C00929A4D /* ExamQuestionTask.swift in Sources */,
				D14B3FFF2818F6A10029C444 /* ExamViewCell.swift in Sources */,
				D140AD18283B4E1D00417416 /* String+Ext.swift in Sources */,
				D1649A12284BA48500929A4D /* Teacher.swift in Sources */,
				D1649A0A284B46FD00929A4D /* ExamsAPIError.swift in Sources */,
				D1649A0C284BA1E600929A4D /* ExamInfo.swift in Sources */,
				D1649A16284BA4E100929A4D /* LoginResponse.swift in Sources */,
				D194B1F42816D2C900D3CAED /* SceneDelegate.swift in Sources */,
				D1649A10284BA47900929A4D /* ExamRule.swift in Sources */,
				D14B40242819A4670029C444 /* MessageCellView.swift in Sources */,
				D194B2112817B0F000D3CAED /* SignUpViewController.swift in Sources */,
				D14B40152819A37C0029C444 /* AnswerToQuestionViewController.swift in Sources */,
				D1649A2C284CCABC00929A4D /* MessageList.swift in Sources */,
				D1649A0E284BA45A00929A4D /* Exam.swift in Sources */,
				D14B401328199EE40029C444 /* ChatViewController.swift in Sources */,
				D179D1F4284A5B7C0037DD9A /* XAccessTokenService.swift in Sources */,
				D14B3FF92818F4240029C444 /* MainScreenViewController.swift in Sources */,
			);
			runOnlyForDeploymentPostprocessing = 0;
		};
/* End PBXSourcesBuildPhase section */

/* Begin PBXVariantGroup section */
		D194B1FC2816D2CD00D3CAED /* LaunchScreen.storyboard */ = {
			isa = PBXVariantGroup;
			children = (
				D194B1FD2816D2CD00D3CAED /* Base */,
			);
			name = LaunchScreen.storyboard;
			sourceTree = "<group>";
		};
/* End PBXVariantGroup section */

/* Begin XCBuildConfiguration section */
		D194B2002816D2CD00D3CAED /* Debug */ = {
			isa = XCBuildConfiguration;
			buildSettings = {
				ALWAYS_SEARCH_USER_PATHS = NO;
				CLANG_ANALYZER_NONNULL = YES;
				CLANG_ANALYZER_NUMBER_OBJECT_CONVERSION = YES_AGGRESSIVE;
				CLANG_CXX_LANGUAGE_STANDARD = "gnu++17";
				CLANG_ENABLE_MODULES = YES;
				CLANG_ENABLE_OBJC_ARC = YES;
				CLANG_ENABLE_OBJC_WEAK = YES;
				CLANG_WARN_BLOCK_CAPTURE_AUTORELEASING = YES;
				CLANG_WARN_BOOL_CONVERSION = YES;
				CLANG_WARN_COMMA = YES;
				CLANG_WARN_CONSTANT_CONVERSION = YES;
				CLANG_WARN_DEPRECATED_OBJC_IMPLEMENTATIONS = YES;
				CLANG_WARN_DIRECT_OBJC_ISA_USAGE = YES_ERROR;
				CLANG_WARN_DOCUMENTATION_COMMENTS = YES;
				CLANG_WARN_EMPTY_BODY = YES;
				CLANG_WARN_ENUM_CONVERSION = YES;
				CLANG_WARN_INFINITE_RECURSION = YES;
				CLANG_WARN_INT_CONVERSION = YES;
				CLANG_WARN_NON_LITERAL_NULL_CONVERSION = YES;
				CLANG_WARN_OBJC_IMPLICIT_RETAIN_SELF = YES;
				CLANG_WARN_OBJC_LITERAL_CONVERSION = YES;
				CLANG_WARN_OBJC_ROOT_CLASS = YES_ERROR;
				CLANG_WARN_QUOTED_INCLUDE_IN_FRAMEWORK_HEADER = YES;
				CLANG_WARN_RANGE_LOOP_ANALYSIS = YES;
				CLANG_WARN_STRICT_PROTOTYPES = YES;
				CLANG_WARN_SUSPICIOUS_MOVE = YES;
				CLANG_WARN_UNGUARDED_AVAILABILITY = YES_AGGRESSIVE;
				CLANG_WARN_UNREACHABLE_CODE = YES;
				CLANG_WARN__DUPLICATE_METHOD_MATCH = YES;
				COPY_PHASE_STRIP = NO;
				DEBUG_INFORMATION_FORMAT = dwarf;
				ENABLE_STRICT_OBJC_MSGSEND = YES;
				ENABLE_TESTABILITY = YES;
				GCC_C_LANGUAGE_STANDARD = gnu11;
				GCC_DYNAMIC_NO_PIC = NO;
				GCC_NO_COMMON_BLOCKS = YES;
				GCC_OPTIMIZATION_LEVEL = 0;
				GCC_PREPROCESSOR_DEFINITIONS = (
					"DEBUG=1",
					"$(inherited)",
				);
				GCC_WARN_64_TO_32_BIT_CONVERSION = YES;
				GCC_WARN_ABOUT_RETURN_TYPE = YES_ERROR;
				GCC_WARN_UNDECLARED_SELECTOR = YES;
				GCC_WARN_UNINITIALIZED_AUTOS = YES_AGGRESSIVE;
				GCC_WARN_UNUSED_FUNCTION = YES;
				GCC_WARN_UNUSED_VARIABLE = YES;
				IPHONEOS_DEPLOYMENT_TARGET = 15.4;
				MTL_ENABLE_DEBUG_INFO = INCLUDE_SOURCE;
				MTL_FAST_MATH = YES;
				ONLY_ACTIVE_ARCH = YES;
				SDKROOT = iphoneos;
				SWIFT_ACTIVE_COMPILATION_CONDITIONS = DEBUG;
				SWIFT_OPTIMIZATION_LEVEL = "-Onone";
			};
			name = Debug;
		};
		D194B2012816D2CD00D3CAED /* Release */ = {
			isa = XCBuildConfiguration;
			buildSettings = {
				ALWAYS_SEARCH_USER_PATHS = NO;
				CLANG_ANALYZER_NONNULL = YES;
				CLANG_ANALYZER_NUMBER_OBJECT_CONVERSION = YES_AGGRESSIVE;
				CLANG_CXX_LANGUAGE_STANDARD = "gnu++17";
				CLANG_ENABLE_MODULES = YES;
				CLANG_ENABLE_OBJC_ARC = YES;
				CLANG_ENABLE_OBJC_WEAK = YES;
				CLANG_WARN_BLOCK_CAPTURE_AUTORELEASING = YES;
				CLANG_WARN_BOOL_CONVERSION = YES;
				CLANG_WARN_COMMA = YES;
				CLANG_WARN_CONSTANT_CONVERSION = YES;
				CLANG_WARN_DEPRECATED_OBJC_IMPLEMENTATIONS = YES;
				CLANG_WARN_DIRECT_OBJC_ISA_USAGE = YES_ERROR;
				CLANG_WARN_DOCUMENTATION_COMMENTS = YES;
				CLANG_WARN_EMPTY_BODY = YES;
				CLANG_WARN_ENUM_CONVERSION = YES;
				CLANG_WARN_INFINITE_RECURSION = YES;
				CLANG_WARN_INT_CONVERSION = YES;
				CLANG_WARN_NON_LITERAL_NULL_CONVERSION = YES;
				CLANG_WARN_OBJC_IMPLICIT_RETAIN_SELF = YES;
				CLANG_WARN_OBJC_LITERAL_CONVERSION = YES;
				CLANG_WARN_OBJC_ROOT_CLASS = YES_ERROR;
				CLANG_WARN_QUOTED_INCLUDE_IN_FRAMEWORK_HEADER = YES;
				CLANG_WARN_RANGE_LOOP_ANALYSIS = YES;
				CLANG_WARN_STRICT_PROTOTYPES = YES;
				CLANG_WARN_SUSPICIOUS_MOVE = YES;
				CLANG_WARN_UNGUARDED_AVAILABILITY = YES_AGGRESSIVE;
				CLANG_WARN_UNREACHABLE_CODE = YES;
				CLANG_WARN__DUPLICATE_METHOD_MATCH = YES;
				COPY_PHASE_STRIP = NO;
				DEBUG_INFORMATION_FORMAT = "dwarf-with-dsym";
				ENABLE_NS_ASSERTIONS = NO;
				ENABLE_STRICT_OBJC_MSGSEND = YES;
				GCC_C_LANGUAGE_STANDARD = gnu11;
				GCC_NO_COMMON_BLOCKS = YES;
				GCC_WARN_64_TO_32_BIT_CONVERSION = YES;
				GCC_WARN_ABOUT_RETURN_TYPE = YES_ERROR;
				GCC_WARN_UNDECLARED_SELECTOR = YES;
				GCC_WARN_UNINITIALIZED_AUTOS = YES_AGGRESSIVE;
				GCC_WARN_UNUSED_FUNCTION = YES;
				GCC_WARN_UNUSED_VARIABLE = YES;
				IPHONEOS_DEPLOYMENT_TARGET = 15.4;
				MTL_ENABLE_DEBUG_INFO = NO;
				MTL_FAST_MATH = YES;
				SDKROOT = iphoneos;
				SWIFT_COMPILATION_MODE = wholemodule;
				SWIFT_OPTIMIZATION_LEVEL = "-O";
				VALIDATE_PRODUCT = YES;
			};
			name = Release;
		};
		D194B2032816D2CD00D3CAED /* Debug */ = {
			isa = XCBuildConfiguration;
			buildSettings = {
				ASSETCATALOG_COMPILER_APPICON_NAME = AppIcon;
				ASSETCATALOG_COMPILER_GLOBAL_ACCENT_COLOR_NAME = AccentColor;
				CODE_SIGN_ENTITLEMENTS = RemoteExaminationNEW/RemoteExaminationNEW.entitlements;
				CODE_SIGN_STYLE = Automatic;
				CURRENT_PROJECT_VERSION = 1;
				DEVELOPMENT_TEAM = UQDAQR22GK;
				GENERATE_INFOPLIST_FILE = YES;
				INFOPLIST_FILE = RemoteExaminationNEW/Info.plist;
				INFOPLIST_KEY_UIApplicationSupportsIndirectInputEvents = YES;
				INFOPLIST_KEY_UILaunchStoryboardName = LaunchScreen;
				INFOPLIST_KEY_UIMainStoryboardFile = LoginView;
				INFOPLIST_KEY_UISupportedInterfaceOrientations_iPad = "UIInterfaceOrientationPortrait UIInterfaceOrientationPortraitUpsideDown UIInterfaceOrientationLandscapeLeft UIInterfaceOrientationLandscapeRight";
				INFOPLIST_KEY_UISupportedInterfaceOrientations_iPhone = "UIInterfaceOrientationPortrait UIInterfaceOrientationLandscapeLeft UIInterfaceOrientationLandscapeRight";
				LD_RUNPATH_SEARCH_PATHS = (
					"$(inherited)",
					"@executable_path/Frameworks",
				);
				MARKETING_VERSION = 1.0;
				PRODUCT_BUNDLE_IDENTIFIER = com.AnnCorp.RemoteExaminationNEW;
				PRODUCT_NAME = "$(TARGET_NAME)";
				SWIFT_EMIT_LOC_STRINGS = YES;
				SWIFT_VERSION = 5.0;
				TARGETED_DEVICE_FAMILY = "1,2";
			};
			name = Debug;
		};
		D194B2042816D2CD00D3CAED /* Release */ = {
			isa = XCBuildConfiguration;
			buildSettings = {
				ASSETCATALOG_COMPILER_APPICON_NAME = AppIcon;
				ASSETCATALOG_COMPILER_GLOBAL_ACCENT_COLOR_NAME = AccentColor;
				CODE_SIGN_ENTITLEMENTS = RemoteExaminationNEW/RemoteExaminationNEW.entitlements;
				CODE_SIGN_STYLE = Automatic;
				CURRENT_PROJECT_VERSION = 1;
				DEVELOPMENT_TEAM = MCBFGUJXMJ;
				GENERATE_INFOPLIST_FILE = YES;
				INFOPLIST_FILE = RemoteExaminationNEW/Info.plist;
				INFOPLIST_KEY_UIApplicationSupportsIndirectInputEvents = YES;
				INFOPLIST_KEY_UILaunchStoryboardName = LaunchScreen;
				INFOPLIST_KEY_UIMainStoryboardFile = LoginView;
				INFOPLIST_KEY_UISupportedInterfaceOrientations_iPad = "UIInterfaceOrientationPortrait UIInterfaceOrientationPortraitUpsideDown UIInterfaceOrientationLandscapeLeft UIInterfaceOrientationLandscapeRight";
				INFOPLIST_KEY_UISupportedInterfaceOrientations_iPhone = "UIInterfaceOrientationPortrait UIInterfaceOrientationLandscapeLeft UIInterfaceOrientationLandscapeRight";
				LD_RUNPATH_SEARCH_PATHS = (
					"$(inherited)",
					"@executable_path/Frameworks",
				);
				MARKETING_VERSION = 1.0;
				PRODUCT_BUNDLE_IDENTIFIER = com.AnnCorp.RemoteExaminationNEW;
				PRODUCT_NAME = "$(TARGET_NAME)";
				SWIFT_EMIT_LOC_STRINGS = YES;
				SWIFT_VERSION = 5.0;
				TARGETED_DEVICE_FAMILY = "1,2";
			};
			name = Release;
		};
/* End XCBuildConfiguration section */

/* Begin XCConfigurationList section */
		D194B1E92816D2C900D3CAED /* Build configuration list for PBXProject "RemoteExaminationNEW" */ = {
			isa = XCConfigurationList;
			buildConfigurations = (
				D194B2002816D2CD00D3CAED /* Debug */,
				D194B2012816D2CD00D3CAED /* Release */,
			);
			defaultConfigurationIsVisible = 0;
			defaultConfigurationName = Release;
		};
		D194B2022816D2CD00D3CAED /* Build configuration list for PBXNativeTarget "RemoteExaminationNEW" */ = {
			isa = XCConfigurationList;
			buildConfigurations = (
				D194B2032816D2CD00D3CAED /* Debug */,
				D194B2042816D2CD00D3CAED /* Release */,
			);
			defaultConfigurationIsVisible = 0;
			defaultConfigurationName = Release;
		};
/* End XCConfigurationList section */

/* Begin XCRemoteSwiftPackageReference section */
		D14B400F28199E030029C444 /* XCRemoteSwiftPackageReference "MessageKit" */ = {
			isa = XCRemoteSwiftPackageReference;
			repositoryURL = "https://github.com/MessageKit/MessageKit";
			requirement = {
				kind = upToNextMajorVersion;
				minimumVersion = 3.0.0;
			};
		};
		D1649A32284CEC3D00929A4D /* XCRemoteSwiftPackageReference "firebase-ios-sdk" */ = {
			isa = XCRemoteSwiftPackageReference;
			repositoryURL = "https://github.com/firebase/firebase-ios-sdk";
			requirement = {
				kind = upToNextMajorVersion;
				minimumVersion = 9.0.0;
			};
		};
		D169FB9B283674AC0070FD56 /* XCRemoteSwiftPackageReference "Moya" */ = {
			isa = XCRemoteSwiftPackageReference;
			repositoryURL = "https://github.com/Moya/Moya";
			requirement = {
				branch = master;
				kind = branch;
			};
		};
/* End XCRemoteSwiftPackageReference section */

/* Begin XCSwiftPackageProductDependency section */
		D14B401028199E040029C444 /* MessageKit */ = {
			isa = XCSwiftPackageProductDependency;
			package = D14B400F28199E030029C444 /* XCRemoteSwiftPackageReference "MessageKit" */;
			productName = MessageKit;
		};
		D1649A33284CEC3D00929A4D /* FirebaseInAppMessaging-Beta */ = {
			isa = XCSwiftPackageProductDependency;
			package = D1649A32284CEC3D00929A4D /* XCRemoteSwiftPackageReference "firebase-ios-sdk" */;
			productName = "FirebaseInAppMessaging-Beta";
		};
		D1649A35284CEC3D00929A4D /* FirebaseInAppMessagingSwift-Beta */ = {
			isa = XCSwiftPackageProductDependency;
			package = D1649A32284CEC3D00929A4D /* XCRemoteSwiftPackageReference "firebase-ios-sdk" */;
			productName = "FirebaseInAppMessagingSwift-Beta";
		};
		D1649A37284CEC3D00929A4D /* FirebaseMessaging */ = {
			isa = XCSwiftPackageProductDependency;
			package = D1649A32284CEC3D00929A4D /* XCRemoteSwiftPackageReference "firebase-ios-sdk" */;
			productName = FirebaseMessaging;
		};
		D169FB9C283674AC0070FD56 /* Moya */ = {
			isa = XCSwiftPackageProductDependency;
			package = D169FB9B283674AC0070FD56 /* XCRemoteSwiftPackageReference "Moya" */;
			productName = Moya;
		};
		D169FB9E283674AC0070FD56 /* RxMoya */ = {
			isa = XCSwiftPackageProductDependency;
			package = D169FB9B283674AC0070FD56 /* XCRemoteSwiftPackageReference "Moya" */;
			productName = RxMoya;
		};
/* End XCSwiftPackageProductDependency section */
	};
	rootObject = D194B1E62816D2C900D3CAED /* Project object */;
}
